
Microsoft Visual Studio Solution File, Format Version 12.00
# Visual Studio Version 16
VisualStudioVersion = 16.0.31005.135
MinimumVisualStudioVersion = 10.0.40219.1
Project("{FAE04EC0-301F-11D3-BF4B-00C04F79EFBC}") = "rawcrud", "rawcrud.csproj", "{BF693DA0-9A2D-4135-AB72-12E98EB0733B}"
EndProject
Global
	GlobalSection(SolutionConfigurationPlatforms) = preSolution
		Debug|Any CPU = Debug|Any CPU
		Release|Any CPU = Release|Any CPU
	EndGlobalSection
	GlobalSection(ProjectConfigurationPlatforms) = postSolution
		{BF693DA0-9A2D-4135-AB72-12E98EB0733B}.Debug|Any CPU.ActiveCfg = Debug|Any CPU
		{BF693DA0-9A2D-4135-AB72-12E98EB0733B}.Debug|Any CPU.Build.0 = Debug|Any CPU
		{BF693DA0-9A2D-4135-AB72-12E98EB0733B}.Release|Any CPU.ActiveCfg = Release|Any CPU
		{BF693DA0-9A2D-4135-AB72-12E98EB0733B}.Release|Any CPU.Build.0 = Release|Any CPU
	EndGlobalSection
	GlobalSection(SolutionProperties) = preSolution
		HideSolutionNode = FALSE
	EndGlobalSection
	GlobalSection(ExtensibilityGlobals) = postSolution
		SolutionGuid = {892FECAC-9CE0-41BD-93C4-B4CC60F20969}
	EndGlobalSection
EndGlobal
