
Microsoft Visual Studio Solution File, Format Version 12.00
# Visual Studio Version 16
VisualStudioVersion = 16.0.31005.135
MinimumVisualStudioVersion = 10.0.40219.1
Project("{9A19103F-16F7-4668-BE54-9A1E7A4F7556}") = "nexuscrud.API", "nexuscrud.API.csproj", "{0EFC73B2-337F-4ADB-BC62-857C678C7B0C}"
EndProject
Project("{FAE04EC0-301F-11D3-BF4B-00C04F79EFBC}") = "nexuscrud.BLL", "..\nexuscrud.BLL\nexuscrud.BLL.csproj", "{CD0A0523-EAB9-48A7-9BA8-42CFA5370821}"
EndProject
Project("{FAE04EC0-301F-11D3-BF4B-00C04F79EFBC}") = "nexuscrud.DAL", "..\nexuscrud.DAL\nexuscrud.DAL.csproj", "{43F7673B-7FCB-4B0A-A724-50F0936111A8}"
EndProject
Project("{FAE04EC0-301F-11D3-BF4B-00C04F79EFBC}") = "nexuscrud.BLL.Test", "..\nexuscrud.BLL.Test\nexuscrud.BLL.Test.csproj", "{C26D8722-365D-400B-A359-D90E1A748FC8}"
EndProject
Global
	GlobalSection(SolutionConfigurationPlatforms) = preSolution
		Debug|Any CPU = Debug|Any CPU
		Release|Any CPU = Release|Any CPU
	EndGlobalSection
	GlobalSection(ProjectConfigurationPlatforms) = postSolution
		{0EFC73B2-337F-4ADB-BC62-857C678C7B0C}.Debug|Any CPU.ActiveCfg = Debug|Any CPU
		{0EFC73B2-337F-4ADB-BC62-857C678C7B0C}.Debug|Any CPU.Build.0 = Debug|Any CPU
		{0EFC73B2-337F-4ADB-BC62-857C678C7B0C}.Release|Any CPU.ActiveCfg = Release|Any CPU
		{0EFC73B2-337F-4ADB-BC62-857C678C7B0C}.Release|Any CPU.Build.0 = Release|Any CPU
		{CD0A0523-EAB9-48A7-9BA8-42CFA5370821}.Debug|Any CPU.ActiveCfg = Debug|Any CPU
		{CD0A0523-EAB9-48A7-9BA8-42CFA5370821}.Debug|Any CPU.Build.0 = Debug|Any CPU
		{CD0A0523-EAB9-48A7-9BA8-42CFA5370821}.Release|Any CPU.ActiveCfg = Release|Any CPU
		{CD0A0523-EAB9-48A7-9BA8-42CFA5370821}.Release|Any CPU.Build.0 = Release|Any CPU
		{43F7673B-7FCB-4B0A-A724-50F0936111A8}.Debug|Any CPU.ActiveCfg = Debug|Any CPU
		{43F7673B-7FCB-4B0A-A724-50F0936111A8}.Debug|Any CPU.Build.0 = Debug|Any CPU
		{43F7673B-7FCB-4B0A-A724-50F0936111A8}.Release|Any CPU.ActiveCfg = Release|Any CPU
		{43F7673B-7FCB-4B0A-A724-50F0936111A8}.Release|Any CPU.Build.0 = Release|Any CPU
		{C26D8722-365D-400B-A359-D90E1A748FC8}.Debug|Any CPU.ActiveCfg = Debug|Any CPU
		{C26D8722-365D-400B-A359-D90E1A748FC8}.Debug|Any CPU.Build.0 = Debug|Any CPU
		{C26D8722-365D-400B-A359-D90E1A748FC8}.Release|Any CPU.ActiveCfg = Release|Any CPU
		{C26D8722-365D-400B-A359-D90E1A748FC8}.Release|Any CPU.Build.0 = Release|Any CPU
	EndGlobalSection
	GlobalSection(SolutionProperties) = preSolution
		HideSolutionNode = FALSE
	EndGlobalSection
	GlobalSection(ExtensibilityGlobals) = postSolution
		SolutionGuid = {D6F7D6A2-B323-4639-9619-F8A51B53C2BC}
	EndGlobalSection
EndGlobal
